// !$*UTF8*$!
{
	archiveVersion = 1;
	classes = {
	};
	objectVersion = 77;
	objects = {

/* Begin PBXBuildFile section */
		CE66577E2EEB07620056A3F8 /* Login.storyboard in Resources */ = {isa = PBXBuildFile; fileRef = CE66577D2EEB07620056A3F8 /* Login.storyboard */; };
		CE6657802EEB077C0056A3F8 /* LoginViewController.swift in Sources */ = {isa = PBXBuildFile; fileRef = CE66577F2EEB077C0056A3F8 /* LoginViewController.swift */; };
		CE6657822EEB079C0056A3F8 /* ViewModel.swift in Sources */ = {isa = PBXBuildFile; fileRef = CE6657812EEB079C0056A3F8 /* ViewModel.swift */; };
		CE6657842EEB07A80056A3F8 /* UserLoginModel.swift in Sources */ = {isa = PBXBuildFile; fileRef = CE6657832EEB07A80056A3F8 /* UserLoginModel.swift */; };
		CE66578D2EEB07FC0056A3F8 /* Register.storyboard in Resources */ = {isa = PBXBuildFile; fileRef = CE66578C2EEB07FC0056A3F8 /* Register.storyboard */; };
		CE66578F2EEB08160056A3F8 /* RegisterModel.swift in Sources */ = {isa = PBXBuildFile; fileRef = CE66578E2EEB08160056A3F8 /* RegisterModel.swift */; };
		CE6657912EEB08290056A3F8 /* RegisterViewModel.swift in Sources */ = {isa = PBXBuildFile; fileRef = CE6657902EEB08290056A3F8 /* RegisterViewModel.swift */; };
		CE6C992A2EEB5578007EA898 /* RegisterViewController.swift in Sources */ = {isa = PBXBuildFile; fileRef = CE6C99292EEB5578007EA898 /* RegisterViewController.swift */; };
		CE773A302EE4E82300240296 /* UserList.storyboard in Resources */ = {isa = PBXBuildFile; fileRef = CE773A2F2EE4E82300240296 /* UserList.storyboard */; };
		CE773A352EE4E89D00240296 /* UserListViewController.swift in Sources */ = {isa = PBXBuildFile; fileRef = CE773A342EE4E89D00240296 /* UserListViewController.swift */; };
		CE773A372EE4E8C100240296 /* UserListViewModel.swift in Sources */ = {isa = PBXBuildFile; fileRef = CE773A362EE4E8C100240296 /* UserListViewModel.swift */; };
		CE773A392EE4E8D200240296 /* UserModel.swift in Sources */ = {isa = PBXBuildFile; fileRef = CE773A382EE4E8D200240296 /* UserModel.swift */; };
		CE773A3F2EE6C6DD00240296 /* MessageTableCell.swift in Sources */ = {isa = PBXBuildFile; fileRef = CE773A3D2EE6C6DD00240296 /* MessageTableCell.swift */; };
		CE773A402EE6C6DD00240296 /* MessageTableCell.xib in Resources */ = {isa = PBXBuildFile; fileRef = CE773A3E2EE6C6DD00240296 /* MessageTableCell.xib */; };
		CEBC2D5A2EE169E600CBD18A /* ChatDetail.storyboard in Resources */ = {isa = PBXBuildFile; fileRef = CEBC2D472EE169E600CBD18A /* ChatDetail.storyboard */; };
		CEBC2D5B2EE169E600CBD18A /* ChatListView.storyboard in Resources */ = {isa = PBXBuildFile; fileRef = CEBC2D4D2EE169E600CBD18A /* ChatListView.storyboard */; };
		CEBC2D5C2EE169E600CBD18A /* Assets.xcassets in Resources */ = {isa = PBXBuildFile; fileRef = CEBC2D542EE169E600CBD18A /* Assets.xcassets */; };
		CEBC2D5F2EE169E600CBD18A /* MessageModel.swift in Sources */ = {isa = PBXBuildFile; fileRef = CEBC2D482EE169E600CBD18A /* MessageModel.swift */; };
		CEBC2D602EE169E600CBD18A /* ChatDetailViewController.swift in Sources */ = {isa = PBXBuildFile; fileRef = CEBC2D492EE169E600CBD18A /* ChatDetailViewController.swift */; };
		CEBC2D612EE169E600CBD18A /* ChatDetailViewModel.swift in Sources */ = {isa = PBXBuildFile; fileRef = CEBC2D4A2EE169E600CBD18A /* ChatDetailViewModel.swift */; };
		CEBC2D622EE169E600CBD18A /* ChatModel.swift in Sources */ = {isa = PBXBuildFile; fileRef = CEBC2D4C2EE169E600CBD18A /* ChatModel.swift */; };
		CEBC2D632EE169E600CBD18A /* ChatListViewController.swift in Sources */ = {isa = PBXBuildFile; fileRef = CEBC2D4E2EE169E600CBD18A /* ChatListViewController.swift */; };
		CEBC2D642EE169E600CBD18A /* ChatListViewModel.swift in Sources */ = {isa = PBXBuildFile; fileRef = CEBC2D4F2EE169E600CBD18A /* ChatListViewModel.swift */; };
		CEBC2D652EE169E600CBD18A /* AppDelegate.swift in Sources */ = {isa = PBXBuildFile; fileRef = CEBC2D532EE169E600CBD18A /* AppDelegate.swift */; };
		CEBC2D662EE169E600CBD18A /* SceneDelegate.swift in Sources */ = {isa = PBXBuildFile; fileRef = CEBC2D582EE169E600CBD18A /* SceneDelegate.swift */; };
		CEBC2D702EE16D1100CBD18A /* LaunchScreen.storyboard in Resources */ = {isa = PBXBuildFile; fileRef = CEBC2D6F2EE16D1100CBD18A /* LaunchScreen.storyboard */; };
		CEBC2D782EE1D89100CBD18A /* ChatListCell.xib in Resources */ = {isa = PBXBuildFile; fileRef = CEBC2D772EE1D89100CBD18A /* ChatListCell.xib */; };
		CEBC2D792EE1D89100CBD18A /* ChatListCell.swift in Sources */ = {isa = PBXBuildFile; fileRef = CEBC2D762EE1D89100CBD18A /* ChatListCell.swift */; };
/* End PBXBuildFile section */

/* Begin PBXFileReference section */
		CE66577D2EEB07620056A3F8 /* Login.storyboard */ = {isa = PBXFileReference; lastKnownFileType = file.storyboard; path = Login.storyboard; sourceTree = "<group>"; };
		CE66577F2EEB077C0056A3F8 /* LoginViewController.swift */ = {isa = PBXFileReference; lastKnownFileType = sourcecode.swift; path = LoginViewController.swift; sourceTree = "<group>"; };
		CE6657812EEB079C0056A3F8 /* ViewModel.swift */ = {isa = PBXFileReference; lastKnownFileType = sourcecode.swift; path = ViewModel.swift; sourceTree = "<group>"; };
		CE6657832EEB07A80056A3F8 /* UserLoginModel.swift */ = {isa = PBXFileReference; lastKnownFileType = sourcecode.swift; path = UserLoginModel.swift; sourceTree = "<group>"; };
		CE66578C2EEB07FC0056A3F8 /* Register.storyboard */ = {isa = PBXFileReference; lastKnownFileType = file.storyboard; path = Register.storyboard; sourceTree = "<group>"; };
		CE66578E2EEB08160056A3F8 /* RegisterModel.swift */ = {isa = PBXFileReference; lastKnownFileType = sourcecode.swift; path = RegisterModel.swift; sourceTree = "<group>"; };
		CE6657902EEB08290056A3F8 /* RegisterViewModel.swift */ = {isa = PBXFileReference; lastKnownFileType = sourcecode.swift; path = RegisterViewModel.swift; sourceTree = "<group>"; };
		CE6C99292EEB5578007EA898 /* RegisterViewController.swift */ = {isa = PBXFileReference; lastKnownFileType = sourcecode.swift; path = RegisterViewController.swift; sourceTree = "<group>"; };
		CE773A2F2EE4E82300240296 /* UserList.storyboard */ = {isa = PBXFileReference; lastKnownFileType = file.storyboard; path = UserList.storyboard; sourceTree = "<group>"; };
		CE773A342EE4E89D00240296 /* UserListViewController.swift */ = {isa = PBXFileReference; lastKnownFileType = sourcecode.swift; path = UserListViewController.swift; sourceTree = "<group>"; };
		CE773A362EE4E8C100240296 /* UserListViewModel.swift */ = {isa = PBXFileReference; lastKnownFileType = sourcecode.swift; path = UserListViewModel.swift; sourceTree = "<group>"; };
		CE773A382EE4E8D200240296 /* UserModel.swift */ = {isa = PBXFileReference; lastKnownFileType = sourcecode.swift; path = UserModel.swift; sourceTree = "<group>"; };
		CE773A3D2EE6C6DD00240296 /* MessageTableCell.swift */ = {isa = PBXFileReference; lastKnownFileType = sourcecode.swift; path = MessageTableCell.swift; sourceTree = "<group>"; };
		CE773A3E2EE6C6DD00240296 /* MessageTableCell.xib */ = {isa = PBXFileReference; lastKnownFileType = file.xib; path = MessageTableCell.xib; sourceTree = "<group>"; };
		CEBC2D152EE164F300CBD18A /* ChatApp.app */ = {isa = PBXFileReference; explicitFileType = wrapper.application; includeInIndex = 0; path = ChatApp.app; sourceTree = BUILT_PRODUCTS_DIR; };
		CEBC2D472EE169E600CBD18A /* ChatDetail.storyboard */ = {isa = PBXFileReference; lastKnownFileType = file.storyboard; path = ChatDetail.storyboard; sourceTree = "<group>"; };
		CEBC2D482EE169E600CBD18A /* MessageModel.swift */ = {isa = PBXFileReference; lastKnownFileType = sourcecode.swift; path = MessageModel.swift; sourceTree = "<group>"; };
		CEBC2D492EE169E600CBD18A /* ChatDetailViewController.swift */ = {isa = PBXFileReference; lastKnownFileType = sourcecode.swift; path = ChatDetailViewController.swift; sourceTree = "<group>"; };
		CEBC2D4A2EE169E600CBD18A /* ChatDetailViewModel.swift */ = {isa = PBXFileReference; lastKnownFileType = sourcecode.swift; path = ChatDetailViewModel.swift; sourceTree = "<group>"; };
		CEBC2D4C2EE169E600CBD18A /* ChatModel.swift */ = {isa = PBXFileReference; lastKnownFileType = sourcecode.swift; path = ChatModel.swift; sourceTree = "<group>"; };
		CEBC2D4D2EE169E600CBD18A /* ChatListView.storyboard */ = {isa = PBXFileReference; lastKnownFileType = file.storyboard; path = ChatListView.storyboard; sourceTree = "<group>"; };
		CEBC2D4E2EE169E600CBD18A /* ChatListViewController.swift */ = {isa = PBXFileReference; lastKnownFileType = sourcecode.swift; path = ChatListViewController.swift; sourceTree = "<group>"; };
		CEBC2D4F2EE169E600CBD18A /* ChatListViewModel.swift */ = {isa = PBXFileReference; lastKnownFileType = sourcecode.swift; path = ChatListViewModel.swift; sourceTree = "<group>"; };
		CEBC2D532EE169E600CBD18A /* AppDelegate.swift */ = {isa = PBXFileReference; lastKnownFileType = sourcecode.swift; path = AppDelegate.swift; sourceTree = "<group>"; };
		CEBC2D542EE169E600CBD18A /* Assets.xcassets */ = {isa = PBXFileReference; lastKnownFileType = folder.assetcatalog; path = Assets.xcassets; sourceTree = "<group>"; };
		CEBC2D552EE169E600CBD18A /* Info.plist */ = {isa = PBXFileReference; lastKnownFileType = text.plist.xml; path = Info.plist; sourceTree = "<group>"; };
		CEBC2D582EE169E600CBD18A /* SceneDelegate.swift */ = {isa = PBXFileReference; lastKnownFileType = sourcecode.swift; path = SceneDelegate.swift; sourceTree = "<group>"; };
		CEBC2D6F2EE16D1100CBD18A /* LaunchScreen.storyboard */ = {isa = PBXFileReference; lastKnownFileType = file.storyboard; path = LaunchScreen.storyboard; sourceTree = "<group>"; };
		CEBC2D762EE1D89100CBD18A /* ChatListCell.swift */ = {isa = PBXFileReference; lastKnownFileType = sourcecode.swift; path = ChatListCell.swift; sourceTree = "<group>"; };
		CEBC2D772EE1D89100CBD18A /* ChatListCell.xib */ = {isa = PBXFileReference; lastKnownFileType = file.xib; path = ChatListCell.xib; sourceTree = "<group>"; };
/* End PBXFileReference section */

/* Begin PBXFrameworksBuildPhase section */
		CEBC2D122EE164F300CBD18A /* Frameworks */ = {
			isa = PBXFrameworksBuildPhase;
			buildActionMask = 2147483647;
			files = (
			);
			runOnlyForDeploymentPostprocessing = 0;
		};
/* End PBXFrameworksBuildPhase section */

/* Begin PBXGroup section */
		CE6657782EEB06DE0056A3F8 /* Login */ = {
			isa = PBXGroup;
			children = (
				CE66577D2EEB07620056A3F8 /* Login.storyboard */,
				CE66577C2EEB07340056A3F8 /* Model */,
				CE66577B2EEB071E0056A3F8 /* ViewModel */,
				CE66577A2EEB07170056A3F8 /* ViewController */,
			);
			path = Login;
			sourceTree = "<group>";
		};
		CE6657792EEB06EB0056A3F8 /* Register */ = {
			isa = PBXGroup;
			children = (
				CE66578C2EEB07FC0056A3F8 /* Register.storyboard */,
				CE6657872EEB07C30056A3F8 /* Model */,
				CE6657862EEB07BC0056A3F8 /* ViewController */,
				CE6657852EEB07B30056A3F8 /* ViewModel */,
			);
			path = Register;
			sourceTree = "<group>";
		};
		CE66577A2EEB07170056A3F8 /* ViewController */ = {
			isa = PBXGroup;
			children = (
				CE66577F2EEB077C0056A3F8 /* LoginViewController.swift */,
			);
			path = ViewController;
			sourceTree = "<group>";
		};
		CE66577B2EEB071E0056A3F8 /* ViewModel */ = {
			isa = PBXGroup;
			children = (
				CE6657812EEB079C0056A3F8 /* ViewModel.swift */,
			);
			path = ViewModel;
			sourceTree = "<group>";
		};
		CE66577C2EEB07340056A3F8 /* Model */ = {
			isa = PBXGroup;
			children = (
				CE6657832EEB07A80056A3F8 /* UserLoginModel.swift */,
			);
			path = Model;
			sourceTree = "<group>";
		};
		CE6657852EEB07B30056A3F8 /* ViewModel */ = {
			isa = PBXGroup;
			children = (
				CE6657902EEB08290056A3F8 /* RegisterViewModel.swift */,
			);
			path = ViewModel;
			sourceTree = "<group>";
		};
		CE6657862EEB07BC0056A3F8 /* ViewController */ = {
			isa = PBXGroup;
			children = (
				CE6C99292EEB5578007EA898 /* RegisterViewController.swift */,
			);
			path = ViewController;
			sourceTree = "<group>";
		};
		CE6657872EEB07C30056A3F8 /* Model */ = {
			isa = PBXGroup;
			children = (
				CE66578E2EEB08160056A3F8 /* RegisterModel.swift */,
			);
			path = Model;
			sourceTree = "<group>";
		};
		CE773A2E2EE4E7EA00240296 /* UserList */ = {
			isa = PBXGroup;
			children = (
				CE773A2F2EE4E82300240296 /* UserList.storyboard */,
				CE773A332EE4E83500240296 /* ViewController */,
				CE773A322EE4E83000240296 /* ViewModel */,
				CE773A312EE4E82900240296 /* Model */,
			);
			path = UserList;
			sourceTree = "<group>";
		};
		CE773A312EE4E82900240296 /* Model */ = {
			isa = PBXGroup;
			children = (
				CE773A382EE4E8D200240296 /* UserModel.swift */,
			);
			path = Model;
			sourceTree = "<group>";
		};
		CE773A322EE4E83000240296 /* ViewModel */ = {
			isa = PBXGroup;
			children = (
				CE773A362EE4E8C100240296 /* UserListViewModel.swift */,
			);
			path = ViewModel;
			sourceTree = "<group>";
		};
		CE773A332EE4E83500240296 /* ViewController */ = {
			isa = PBXGroup;
			children = (
				CE773A342EE4E89D00240296 /* UserListViewController.swift */,
			);
			path = ViewController;
			sourceTree = "<group>";
		};
		CE773A3A2EE6C66800240296 /* Cell */ = {
			isa = PBXGroup;
			children = (
				CE773A3D2EE6C6DD00240296 /* MessageTableCell.swift */,
				CE773A3E2EE6C6DD00240296 /* MessageTableCell.xib */,
			);
			path = Cell;
			sourceTree = "<group>";
		};
		CEBC2D0C2EE164F300CBD18A = {
			isa = PBXGroup;
			children = (
				CEBC2D592EE169E600CBD18A /* ChatApp */,
				CEBC2D162EE164F300CBD18A /* Products */,
			);
			sourceTree = "<group>";
		};
		CEBC2D162EE164F300CBD18A /* Products */ = {
			isa = PBXGroup;
			children = (
				CEBC2D152EE164F300CBD18A /* ChatApp.app */,
			);
			name = Products;
			sourceTree = "<group>";
		};
		CEBC2D4B2EE169E600CBD18A /* ChatDetail */ = {
			isa = PBXGroup;
			children = (
				CEBC2D472EE169E600CBD18A /* ChatDetail.storyboard */,
				CE773A3A2EE6C66800240296 /* Cell */,
				CEBC2D692EE16A5500CBD18A /* Model */,
				CEBC2D682EE16A4C00CBD18A /* ViewModel */,
				CEBC2D672EE16A3F00CBD18A /* ViewController */,
			);
			path = ChatDetail;
			sourceTree = "<group>";
		};
		CEBC2D502EE169E600CBD18A /* ChatList */ = {
			isa = PBXGroup;
			children = (
				CEBC2D4D2EE169E600CBD18A /* ChatListView.storyboard */,
				CEBC2D712EE18B9F00CBD18A /* Cell */,
				CEBC2D6D2EE16A9800CBD18A /* Model */,
				CEBC2D6C2EE16A8C00CBD18A /* ViewModel */,
				CEBC2D6B2EE16A8100CBD18A /* ViewController */,
			);
			path = ChatList;
			sourceTree = "<group>";
		};
		CEBC2D522EE169E600CBD18A /* Scenes */ = {
			isa = PBXGroup;
			children = (
				CE6657792EEB06EB0056A3F8 /* Register */,
				CE6657782EEB06DE0056A3F8 /* Login */,
				CE773A2E2EE4E7EA00240296 /* UserList */,
				CEBC2D4B2EE169E600CBD18A /* ChatDetail */,
				CEBC2D502EE169E600CBD18A /* ChatList */,
			);
			path = Scenes;
			sourceTree = "<group>";
		};
		CEBC2D592EE169E600CBD18A /* ChatApp */ = {
			isa = PBXGroup;
			children = (
				CEBC2D532EE169E600CBD18A /* AppDelegate.swift */,
				CEBC2D542EE169E600CBD18A /* Assets.xcassets */,
				CEBC2D552EE169E600CBD18A /* Info.plist */,
				CEBC2D6F2EE16D1100CBD18A /* LaunchScreen.storyboard */,
				CEBC2D582EE169E600CBD18A /* SceneDelegate.swift */,
				CEBC2D522EE169E600CBD18A /* Scenes */,
			);
			path = ChatApp;
			sourceTree = "<group>";
		};
		CEBC2D672EE16A3F00CBD18A /* ViewController */ = {
			isa = PBXGroup;
			children = (
				CEBC2D492EE169E600CBD18A /* ChatDetailViewController.swift */,
			);
			path = ViewController;
			sourceTree = "<group>";
		};
		CEBC2D682EE16A4C00CBD18A /* ViewModel */ = {
			isa = PBXGroup;
			children = (
				CEBC2D4A2EE169E600CBD18A /* ChatDetailViewModel.swift */,
			);
			path = ViewModel;
			sourceTree = "<group>";
		};
		CEBC2D692EE16A5500CBD18A /* Model */ = {
			isa = PBXGroup;
			children = (
				CEBC2D482EE169E600CBD18A /* MessageModel.swift */,
			);
			path = Model;
			sourceTree = "<group>";
		};
		CEBC2D6B2EE16A8100CBD18A /* ViewController */ = {
			isa = PBXGroup;
			children = (
				CEBC2D4E2EE169E600CBD18A /* ChatListViewController.swift */,
			);
			path = ViewController;
			sourceTree = "<group>";
		};
		CEBC2D6C2EE16A8C00CBD18A /* ViewModel */ = {
			isa = PBXGroup;
			children = (
				CEBC2D4F2EE169E600CBD18A /* ChatListViewModel.swift */,
			);
			path = ViewModel;
			sourceTree = "<group>";
		};
		CEBC2D6D2EE16A9800CBD18A /* Model */ = {
			isa = PBXGroup;
			children = (
				CEBC2D4C2EE169E600CBD18A /* ChatModel.swift */,
			);
			path = Model;
			sourceTree = "<group>";
		};
		CEBC2D712EE18B9F00CBD18A /* Cell */ = {
			isa = PBXGroup;
			children = (
				CEBC2D762EE1D89100CBD18A /* ChatListCell.swift */,
				CEBC2D772EE1D89100CBD18A /* ChatListCell.xib */,
			);
			path = Cell;
			sourceTree = "<group>";
		};
/* End PBXGroup section */

/* Begin PBXNativeTarget section */
		CEBC2D142EE164F300CBD18A /* ChatApp */ = {
			isa = PBXNativeTarget;
			buildConfigurationList = CEBC2D282EE164F400CBD18A /* Build configuration list for PBXNativeTarget "ChatApp" */;
			buildPhases = (
				CEBC2D112EE164F300CBD18A /* Sources */,
				CEBC2D122EE164F300CBD18A /* Frameworks */,
				CEBC2D132EE164F300CBD18A /* Resources */,
			);
			buildRules = (
			);
			dependencies = (
			);
			name = ChatApp;
			packageProductDependencies = (
			);
			productName = ChatApp;
			productReference = CEBC2D152EE164F300CBD18A /* ChatApp.app */;
			productType = "com.apple.product-type.application";
		};
/* End PBXNativeTarget section */

/* Begin PBXProject section */
		CEBC2D0D2EE164F300CBD18A /* Project object */ = {
			isa = PBXProject;
			attributes = {
				BuildIndependentTargetsInParallel = 1;
				LastSwiftUpdateCheck = 1640;
				LastUpgradeCheck = 1640;
				TargetAttributes = {
					CEBC2D142EE164F300CBD18A = {
						CreatedOnToolsVersion = 16.4;
					};
				};
			};
			buildConfigurationList = CEBC2D102EE164F300CBD18A /* Build configuration list for PBXProject "ChatApp" */;
			developmentRegion = en;
			hasScannedForEncodings = 0;
			knownRegions = (
				en,
				Base,
			);
			mainGroup = CEBC2D0C2EE164F300CBD18A;
			minimizedProjectReferenceProxies = 1;
			preferredProjectObjectVersion = 77;
			productRefGroup = CEBC2D162EE164F300CBD18A /* Products */;
			projectDirPath = "";
			projectRoot = "";
			targets = (
				CEBC2D142EE164F300CBD18A /* ChatApp */,
			);
		};
/* End PBXProject section */

/* Begin PBXResourcesBuildPhase section */
		CEBC2D132EE164F300CBD18A /* Resources */ = {
			isa = PBXResourcesBuildPhase;
			buildActionMask = 2147483647;
			files = (
				CE66577E2EEB07620056A3F8 /* Login.storyboard in Resources */,
				CEBC2D5A2EE169E600CBD18A /* ChatDetail.storyboard in Resources */,
				CEBC2D702EE16D1100CBD18A /* LaunchScreen.storyboard in Resources */,
				CEBC2D782EE1D89100CBD18A /* ChatListCell.xib in Resources */,
				CE773A302EE4E82300240296 /* UserList.storyboard in Resources */,
				CE66578D2EEB07FC0056A3F8 /* Register.storyboard in Resources */,
				CEBC2D5B2EE169E600CBD18A /* ChatListView.storyboard in Resources */,
				CEBC2D5C2EE169E600CBD18A /* Assets.xcassets in Resources */,
				CE773A402EE6C6DD00240296 /* MessageTableCell.xib in Resources */,
			);
			runOnlyForDeploymentPostprocessing = 0;
		};
/* End PBXResourcesBuildPhase section */

/* Begin PBXSourcesBuildPhase section */
		CEBC2D112EE164F300CBD18A /* Sources */ = {
			isa = PBXSourcesBuildPhase;
			buildActionMask = 2147483647;
			files = (
				CE6657802EEB077C0056A3F8 /* LoginViewController.swift in Sources */,
				CEBC2D5F2EE169E600CBD18A /* MessageModel.swift in Sources */,
				CE773A372EE4E8C100240296 /* UserListViewModel.swift in Sources */,
				CEBC2D602EE169E600CBD18A /* ChatDetailViewController.swift in Sources */,
				CE6C992A2EEB5578007EA898 /* RegisterViewController.swift in Sources */,
				CEBC2D612EE169E600CBD18A /* ChatDetailViewModel.swift in Sources */,
				CE773A3F2EE6C6DD00240296 /* MessageTableCell.swift in Sources */,
				CEBC2D792EE1D89100CBD18A /* ChatListCell.swift in Sources */,
				CEBC2D622EE169E600CBD18A /* ChatModel.swift in Sources */,
				CE6657912EEB08290056A3F8 /* RegisterViewModel.swift in Sources */,
				CE66578F2EEB08160056A3F8 /* RegisterModel.swift in Sources */,
				CE773A352EE4E89D00240296 /* UserListViewController.swift in Sources */,
				CEBC2D632EE169E600CBD18A /* ChatListViewController.swift in Sources */,
				CE6657842EEB07A80056A3F8 /* UserLoginModel.swift in Sources */,
				CE6657822EEB079C0056A3F8 /* ViewModel.swift in Sources */,
				CEBC2D642EE169E600CBD18A /* ChatListViewModel.swift in Sources */,
				CEBC2D652EE169E600CBD18A /* AppDelegate.swift in Sources */,
				CE773A392EE4E8D200240296 /* UserModel.swift in Sources */,
				CEBC2D662EE169E600CBD18A /* SceneDelegate.swift in Sources */,
			);
			runOnlyForDeploymentPostprocessing = 0;
		};
/* End PBXSourcesBuildPhase section */

/* Begin XCBuildConfiguration section */
		CEBC2D292EE164F400CBD18A /* Debug */ = {
			isa = XCBuildConfiguration;
			buildSettings = {
				ASSETCATALOG_COMPILER_APPICON_NAME = AppIcon;
				ASSETCATALOG_COMPILER_GLOBAL_ACCENT_COLOR_NAME = AccentColor;
				CODE_SIGN_STYLE = Automatic;
				CURRENT_PROJECT_VERSION = 1;
				GENERATE_INFOPLIST_FILE = YES;
				INFOPLIST_FILE = ChatApp/Info.plist;
				INFOPLIST_KEY_UIApplicationSupportsIndirectInputEvents = YES;
				INFOPLIST_KEY_UILaunchStoryboardName = LaunchScreen;
				INFOPLIST_KEY_UISupportedInterfaceOrientations_iPad = "UIInterfaceOrientationPortrait UIInterfaceOrientationPortraitUpsideDown UIInterfaceOrientationLandscapeLeft UIInterfaceOrientationLandscapeRight";
				INFOPLIST_KEY_UISupportedInterfaceOrientations_iPhone = "UIInterfaceOrientationPortrait UIInterfaceOrientationLandscapeLeft UIInterfaceOrientationLandscapeRight";
				LD_RUNPATH_SEARCH_PATHS = (
					"$(inherited)",
					"@executable_path/Frameworks",
				);
				MARKETING_VERSION = 1.0;
				PRODUCT_BUNDLE_IDENTIFIER = elif.ChatApp;
				PRODUCT_NAME = "$(TARGET_NAME)";
				SWIFT_EMIT_LOC_STRINGS = YES;
				SWIFT_VERSION = 5.0;
				TARGETED_DEVICE_FAMILY = "1,2";
			};
			name = Debug;
		};
		CEBC2D2A2EE164F400CBD18A /* Release */ = {
			isa = XCBuildConfiguration;
			buildSettings = {
				ASSETCATALOG_COMPILER_APPICON_NAME = AppIcon;
				ASSETCATALOG_COMPILER_GLOBAL_ACCENT_COLOR_NAME = AccentColor;
				CODE_SIGN_STYLE = Automatic;
				CURRENT_PROJECT_VERSION = 1;
				GENERATE_INFOPLIST_FILE = YES;
				INFOPLIST_FILE = ChatApp/Info.plist;
				INFOPLIST_KEY_UIApplicationSupportsIndirectInputEvents = YES;
				INFOPLIST_KEY_UILaunchStoryboardName = LaunchScreen;
				INFOPLIST_KEY_UISupportedInterfaceOrientations_iPad = "UIInterfaceOrientationPortrait UIInterfaceOrientationPortraitUpsideDown UIInterfaceOrientationLandscapeLeft UIInterfaceOrientationLandscapeRight";
				INFOPLIST_KEY_UISupportedInterfaceOrientations_iPhone = "UIInterfaceOrientationPortrait UIInterfaceOrientationLandscapeLeft UIInterfaceOrientationLandscapeRight";
				LD_RUNPATH_SEARCH_PATHS = (
					"$(inherited)",
					"@executable_path/Frameworks",
				);
				MARKETING_VERSION = 1.0;
				PRODUCT_BUNDLE_IDENTIFIER = elif.ChatApp;
				PRODUCT_NAME = "$(TARGET_NAME)";
				SWIFT_EMIT_LOC_STRINGS = YES;
				SWIFT_VERSION = 5.0;
				TARGETED_DEVICE_FAMILY = "1,2";
			};
			name = Release;
		};
		CEBC2D2B2EE164F400CBD18A /* Debug */ = {
			isa = XCBuildConfiguration;
			buildSettings = {
				ALWAYS_SEARCH_USER_PATHS = NO;
				ASSETCATALOG_COMPILER_GENERATE_SWIFT_ASSET_SYMBOL_EXTENSIONS = YES;
				CLANG_ANALYZER_NONNULL = YES;
				CLANG_ANALYZER_NUMBER_OBJECT_CONVERSION = YES_AGGRESSIVE;
				CLANG_CXX_LANGUAGE_STANDARD = "gnu++20";
				CLANG_ENABLE_MODULES = YES;
				CLANG_ENABLE_OBJC_ARC = YES;
				CLANG_ENABLE_OBJC_WEAK = YES;
				CLANG_WARN_BLOCK_CAPTURE_AUTORELEASING = YES;
				CLANG_WARN_BOOL_CONVERSION = YES;
				CLANG_WARN_COMMA = YES;
				CLANG_WARN_CONSTANT_CONVERSION = YES;
				CLANG_WARN_DEPRECATED_OBJC_IMPLEMENTATIONS = YES;
				CLANG_WARN_DIRECT_OBJC_ISA_USAGE = YES_ERROR;
				CLANG_WARN_DOCUMENTATION_COMMENTS = YES;
				CLANG_WARN_EMPTY_BODY = YES;
				CLANG_WARN_ENUM_CONVERSION = YES;
				CLANG_WARN_INFINITE_RECURSION = YES;
				CLANG_WARN_INT_CONVERSION = YES;
				CLANG_WARN_NON_LITERAL_NULL_CONVERSION = YES;
				CLANG_WARN_OBJC_IMPLICIT_RETAIN_SELF = YES;
				CLANG_WARN_OBJC_LITERAL_CONVERSION = YES;
				CLANG_WARN_OBJC_ROOT_CLASS = YES_ERROR;
				CLANG_WARN_QUOTED_INCLUDE_IN_FRAMEWORK_HEADER = YES;
				CLANG_WARN_RANGE_LOOP_ANALYSIS = YES;
				CLANG_WARN_STRICT_PROTOTYPES = YES;
				CLANG_WARN_SUSPICIOUS_MOVE = YES;
				CLANG_WARN_UNGUARDED_AVAILABILITY = YES_AGGRESSIVE;
				CLANG_WARN_UNREACHABLE_CODE = YES;
				CLANG_WARN__DUPLICATE_METHOD_MATCH = YES;
				COPY_PHASE_STRIP = NO;
				DEBUG_INFORMATION_FORMAT = dwarf;
				ENABLE_STRICT_OBJC_MSGSEND = YES;
				ENABLE_TESTABILITY = YES;
				ENABLE_USER_SCRIPT_SANDBOXING = YES;
				GCC_C_LANGUAGE_STANDARD = gnu17;
				GCC_DYNAMIC_NO_PIC = NO;
				GCC_NO_COMMON_BLOCKS = YES;
				GCC_OPTIMIZATION_LEVEL = 0;
				GCC_PREPROCESSOR_DEFINITIONS = (
					"DEBUG=1",
					"$(inherited)",
				);
				GCC_WARN_64_TO_32_BIT_CONVERSION = YES;
				GCC_WARN_ABOUT_RETURN_TYPE = YES_ERROR;
				GCC_WARN_UNDECLARED_SELECTOR = YES;
				GCC_WARN_UNINITIALIZED_AUTOS = YES_AGGRESSIVE;
				GCC_WARN_UNUSED_FUNCTION = YES;
				GCC_WARN_UNUSED_VARIABLE = YES;
				IPHONEOS_DEPLOYMENT_TARGET = 18.5;
				LOCALIZATION_PREFERS_STRING_CATALOGS = YES;
				MTL_ENABLE_DEBUG_INFO = INCLUDE_SOURCE;
				MTL_FAST_MATH = YES;
				ONLY_ACTIVE_ARCH = YES;
				SDKROOT = iphoneos;
				SWIFT_ACTIVE_COMPILATION_CONDITIONS = "DEBUG $(inherited)";
				SWIFT_OPTIMIZATION_LEVEL = "-Onone";
			};
			name = Debug;
		};
		CEBC2D2C2EE164F400CBD18A /* Release */ = {
			isa = XCBuildConfiguration;
			buildSettings = {
				ALWAYS_SEARCH_USER_PATHS = NO;
				ASSETCATALOG_COMPILER_GENERATE_SWIFT_ASSET_SYMBOL_EXTENSIONS = YES;
				CLANG_ANALYZER_NONNULL = YES;
				CLANG_ANALYZER_NUMBER_OBJECT_CONVERSION = YES_AGGRESSIVE;
				CLANG_CXX_LANGUAGE_STANDARD = "gnu++20";
				CLANG_ENABLE_MODULES = YES;
				CLANG_ENABLE_OBJC_ARC = YES;
				CLANG_ENABLE_OBJC_WEAK = YES;
				CLANG_WARN_BLOCK_CAPTURE_AUTORELEASING = YES;
				CLANG_WARN_BOOL_CONVERSION = YES;
				CLANG_WARN_COMMA = YES;
				CLANG_WARN_CONSTANT_CONVERSION = YES;
				CLANG_WARN_DEPRECATED_OBJC_IMPLEMENTATIONS = YES;
				CLANG_WARN_DIRECT_OBJC_ISA_USAGE = YES_ERROR;
				CLANG_WARN_DOCUMENTATION_COMMENTS = YES;
				CLANG_WARN_EMPTY_BODY = YES;
				CLANG_WARN_ENUM_CONVERSION = YES;
				CLANG_WARN_INFINITE_RECURSION = YES;
				CLANG_WARN_INT_CONVERSION = YES;
				CLANG_WARN_NON_LITERAL_NULL_CONVERSION = YES;
				CLANG_WARN_OBJC_IMPLICIT_RETAIN_SELF = YES;
				CLANG_WARN_OBJC_LITERAL_CONVERSION = YES;
				CLANG_WARN_OBJC_ROOT_CLASS = YES_ERROR;
				CLANG_WARN_QUOTED_INCLUDE_IN_FRAMEWORK_HEADER = YES;
				CLANG_WARN_RANGE_LOOP_ANALYSIS = YES;
				CLANG_WARN_STRICT_PROTOTYPES = YES;
				CLANG_WARN_SUSPICIOUS_MOVE = YES;
				CLANG_WARN_UNGUARDED_AVAILABILITY = YES_AGGRESSIVE;
				CLANG_WARN_UNREACHABLE_CODE = YES;
				CLANG_WARN__DUPLICATE_METHOD_MATCH = YES;
				COPY_PHASE_STRIP = NO;
				DEBUG_INFORMATION_FORMAT = "dwarf-with-dsym";
				ENABLE_NS_ASSERTIONS = NO;
				ENABLE_STRICT_OBJC_MSGSEND = YES;
				ENABLE_USER_SCRIPT_SANDBOXING = YES;
				GCC_C_LANGUAGE_STANDARD = gnu17;
				GCC_NO_COMMON_BLOCKS = YES;
				GCC_WARN_64_TO_32_BIT_CONVERSION = YES;
				GCC_WARN_ABOUT_RETURN_TYPE = YES_ERROR;
				GCC_WARN_UNDECLARED_SELECTOR = YES;
				GCC_WARN_UNINITIALIZED_AUTOS = YES_AGGRESSIVE;
				GCC_WARN_UNUSED_FUNCTION = YES;
				GCC_WARN_UNUSED_VARIABLE = YES;
				IPHONEOS_DEPLOYMENT_TARGET = 18.5;
				LOCALIZATION_PREFERS_STRING_CATALOGS = YES;
				MTL_ENABLE_DEBUG_INFO = NO;
				MTL_FAST_MATH = YES;
				SDKROOT = iphoneos;
				SWIFT_COMPILATION_MODE = wholemodule;
				VALIDATE_PRODUCT = YES;
			};
			name = Release;
		};
/* End XCBuildConfiguration section */

/* Begin XCConfigurationList section */
		CEBC2D102EE164F300CBD18A /* Build configuration list for PBXProject "ChatApp" */ = {
			isa = XCConfigurationList;
			buildConfigurations = (
				CEBC2D2B2EE164F400CBD18A /* Debug */,
				CEBC2D2C2EE164F400CBD18A /* Release */,
			);
			defaultConfigurationIsVisible = 0;
			defaultConfigurationName = Release;
		};
		CEBC2D282EE164F400CBD18A /* Build configuration list for PBXNativeTarget "ChatApp" */ = {
			isa = XCConfigurationList;
			buildConfigurations = (
				CEBC2D292EE164F400CBD18A /* Debug */,
				CEBC2D2A2EE164F400CBD18A /* Release */,
			);
			defaultConfigurationIsVisible = 0;
			defaultConfigurationName = Release;
		};
/* End XCConfigurationList section */
	};
	rootObject = CEBC2D0D2EE164F300CBD18A /* Project object */;
}
